// !$*UTF8*$!
{
	archiveVersion = 1;
	classes = {
	};
	objectVersion = 56;
	objects = {

/* Begin PBXBuildFile section */
		D01BBF74298139FD0075DFE8 /* Comments.swift in Sources */ = {isa = PBXBuildFile; fileRef = D01BBF73298139FD0075DFE8 /* Comments.swift */; };
		D03F05172983AFD2000D036A /* TaskCommentView.swift in Sources */ = {isa = PBXBuildFile; fileRef = D03F05162983AFD2000D036A /* TaskCommentView.swift */; };
		D03F05192983B179000D036A /* TaskHeaderView.swift in Sources */ = {isa = PBXBuildFile; fileRef = D03F05182983B179000D036A /* TaskHeaderView.swift */; };
		D03F051B2983B1D4000D036A /* TaskToolbarView.swift in Sources */ = {isa = PBXBuildFile; fileRef = D03F051A2983B1D4000D036A /* TaskToolbarView.swift */; };
		D03F051D2983BC65000D036A /* TaskCommentsView.swift in Sources */ = {isa = PBXBuildFile; fileRef = D03F051C2983BC65000D036A /* TaskCommentsView.swift */; };
		D03F05212983D5DA000D036A /* MainTabView.swift in Sources */ = {isa = PBXBuildFile; fileRef = D03F05202983D5DA000D036A /* MainTabView.swift */; };
		D040A09728F509A3002979A6 /* APIKeys.plist in Resources */ = {isa = PBXBuildFile; fileRef = D040A09628F509A3002979A6 /* APIKeys.plist */; };
		E411092A28EFF82D0073725E /* QuickUpApp.swift in Sources */ = {isa = PBXBuildFile; fileRef = E411092928EFF82D0073725E /* QuickUpApp.swift */; };
		E411092C28EFF82D0073725E /* SpacesView.swift in Sources */ = {isa = PBXBuildFile; fileRef = E411092B28EFF82D0073725E /* SpacesView.swift */; };
		E411092E28EFF82E0073725E /* Assets.xcassets in Resources */ = {isa = PBXBuildFile; fileRef = E411092D28EFF82E0073725E /* Assets.xcassets */; };
		E411093A28EFF8840073725E /* Global.swift in Sources */ = {isa = PBXBuildFile; fileRef = E411093928EFF8840073725E /* Global.swift */; };
		E411093D28EFF8AF0073725E /* URLRequest.swift in Sources */ = {isa = PBXBuildFile; fileRef = E411093C28EFF8AF0073725E /* URLRequest.swift */; };
		E411093F28EFF9F70073725E /* Workspaces.swift in Sources */ = {isa = PBXBuildFile; fileRef = E411093E28EFF9F70073725E /* Workspaces.swift */; };
		E411094128F0014B0073725E /* Spaces.swift in Sources */ = {isa = PBXBuildFile; fileRef = E411094028F0014B0073725E /* Spaces.swift */; };
		E411094328F001540073725E /* Users.swift in Sources */ = {isa = PBXBuildFile; fileRef = E411094228F001540073725E /* Users.swift */; };
		E411094928F00F460073725E /* Folders.swift in Sources */ = {isa = PBXBuildFile; fileRef = E411094828F00F460073725E /* Folders.swift */; };
		E411094B28F00F4A0073725E /* Lists.swift in Sources */ = {isa = PBXBuildFile; fileRef = E411094A28F00F4A0073725E /* Lists.swift */; };
		E411094D28F012240073725E /* Statuses.swift in Sources */ = {isa = PBXBuildFile; fileRef = E411094C28F012240073725E /* Statuses.swift */; };
		E411094F28F0150D0073725E /* ListView.swift in Sources */ = {isa = PBXBuildFile; fileRef = E411094E28F0150D0073725E /* ListView.swift */; };
		E411095128F017D80073725E /* CodableIgnored.swift in Sources */ = {isa = PBXBuildFile; fileRef = E411095028F017D80073725E /* CodableIgnored.swift */; };
		E411095328F01AE70073725E /* Priorities.swift in Sources */ = {isa = PBXBuildFile; fileRef = E411095228F01AE70073725E /* Priorities.swift */; };
		E411095528F01EFF0073725E /* FolderView.swift in Sources */ = {isa = PBXBuildFile; fileRef = E411095428F01EFF0073725E /* FolderView.swift */; };
		E4A6378728F132F3005C9789 /* Date.swift in Sources */ = {isa = PBXBuildFile; fileRef = E4A6378628F132F3005C9789 /* Date.swift */; };
		E4A6378928F136E0005C9789 /* Color.swift in Sources */ = {isa = PBXBuildFile; fileRef = E4A6378828F136E0005C9789 /* Color.swift */; };
		E4A6378B28F137F6005C9789 /* ListTableView.swift in Sources */ = {isa = PBXBuildFile; fileRef = E4A6378A28F137F6005C9789 /* ListTableView.swift */; };
		E4A6378D28F137FD005C9789 /* ListDetailView.swift in Sources */ = {isa = PBXBuildFile; fileRef = E4A6378C28F137FD005C9789 /* ListDetailView.swift */; };
		E4A86E0328F106AE003A7D09 /* Tasks.swift in Sources */ = {isa = PBXBuildFile; fileRef = E4A86E0228F106AE003A7D09 /* Tasks.swift */; };
		E4A86E0528F10886003A7D09 /* CustomFields.swift in Sources */ = {isa = PBXBuildFile; fileRef = E4A86E0428F10886003A7D09 /* CustomFields.swift */; };
/* End PBXBuildFile section */

/* Begin PBXFileReference section */
		D01BBF73298139FD0075DFE8 /* Comments.swift */ = {isa = PBXFileReference; lastKnownFileType = sourcecode.swift; path = Comments.swift; sourceTree = "<group>"; };
		D03F05162983AFD2000D036A /* TaskCommentView.swift */ = {isa = PBXFileReference; lastKnownFileType = sourcecode.swift; path = TaskCommentView.swift; sourceTree = "<group>"; };
		D03F05182983B179000D036A /* TaskHeaderView.swift */ = {isa = PBXFileReference; lastKnownFileType = sourcecode.swift; path = TaskHeaderView.swift; sourceTree = "<group>"; };
		D03F051A2983B1D4000D036A /* TaskToolbarView.swift */ = {isa = PBXFileReference; lastKnownFileType = sourcecode.swift; path = TaskToolbarView.swift; sourceTree = "<group>"; };
		D03F051C2983BC65000D036A /* TaskCommentsView.swift */ = {isa = PBXFileReference; lastKnownFileType = sourcecode.swift; path = TaskCommentsView.swift; sourceTree = "<group>"; };
		D03F051E2983D422000D036A /* APIKeys-Sample.plist */ = {isa = PBXFileReference; lastKnownFileType = text.plist.xml; path = "APIKeys-Sample.plist"; sourceTree = "<group>"; };
		D03F05202983D5DA000D036A /* MainTabView.swift */ = {isa = PBXFileReference; lastKnownFileType = sourcecode.swift; path = MainTabView.swift; sourceTree = "<group>"; };
		D040A09628F509A3002979A6 /* APIKeys.plist */ = {isa = PBXFileReference; lastKnownFileType = text.plist.xml; path = APIKeys.plist; sourceTree = "<group>"; };
		E411092628EFF82D0073725E /* QuickUp.app */ = {isa = PBXFileReference; explicitFileType = wrapper.application; includeInIndex = 0; path = QuickUp.app; sourceTree = BUILT_PRODUCTS_DIR; };
		E411092928EFF82D0073725E /* QuickUpApp.swift */ = {isa = PBXFileReference; lastKnownFileType = sourcecode.swift; path = QuickUpApp.swift; sourceTree = "<group>"; };
		E411092B28EFF82D0073725E /* SpacesView.swift */ = {isa = PBXFileReference; lastKnownFileType = sourcecode.swift; path = SpacesView.swift; sourceTree = "<group>"; };
		E411092D28EFF82E0073725E /* Assets.xcassets */ = {isa = PBXFileReference; lastKnownFileType = folder.assetcatalog; path = Assets.xcassets; sourceTree = "<group>"; };
		E411093228EFF82E0073725E /* QuickUp.entitlements */ = {isa = PBXFileReference; lastKnownFileType = text.plist.entitlements; path = QuickUp.entitlements; sourceTree = "<group>"; };
		E411093928EFF8840073725E /* Global.swift */ = {isa = PBXFileReference; lastKnownFileType = sourcecode.swift; path = Global.swift; sourceTree = "<group>"; };
		E411093C28EFF8AF0073725E /* URLRequest.swift */ = {isa = PBXFileReference; lastKnownFileType = sourcecode.swift; path = URLRequest.swift; sourceTree = "<group>"; };
		E411093E28EFF9F70073725E /* Workspaces.swift */ = {isa = PBXFileReference; lastKnownFileType = sourcecode.swift; path = Workspaces.swift; sourceTree = "<group>"; };
		E411094028F0014B0073725E /* Spaces.swift */ = {isa = PBXFileReference; lastKnownFileType = sourcecode.swift; path = Spaces.swift; sourceTree = "<group>"; };
		E411094228F001540073725E /* Users.swift */ = {isa = PBXFileReference; lastKnownFileType = sourcecode.swift; path = Users.swift; sourceTree = "<group>"; };
		E411094428F00D200073725E /* Info.plist */ = {isa = PBXFileReference; lastKnownFileType = text.plist; path = Info.plist; sourceTree = "<group>"; };
		E411094828F00F460073725E /* Folders.swift */ = {isa = PBXFileReference; lastKnownFileType = sourcecode.swift; path = Folders.swift; sourceTree = "<group>"; };
		E411094A28F00F4A0073725E /* Lists.swift */ = {isa = PBXFileReference; lastKnownFileType = sourcecode.swift; path = Lists.swift; sourceTree = "<group>"; };
		E411094C28F012240073725E /* Statuses.swift */ = {isa = PBXFileReference; lastKnownFileType = sourcecode.swift; path = Statuses.swift; sourceTree = "<group>"; };
		E411094E28F0150D0073725E /* ListView.swift */ = {isa = PBXFileReference; lastKnownFileType = sourcecode.swift; path = ListView.swift; sourceTree = "<group>"; };
		E411095028F017D80073725E /* CodableIgnored.swift */ = {isa = PBXFileReference; lastKnownFileType = sourcecode.swift; path = CodableIgnored.swift; sourceTree = "<group>"; };
		E411095228F01AE70073725E /* Priorities.swift */ = {isa = PBXFileReference; lastKnownFileType = sourcecode.swift; path = Priorities.swift; sourceTree = "<group>"; };
		E411095428F01EFF0073725E /* FolderView.swift */ = {isa = PBXFileReference; lastKnownFileType = sourcecode.swift; path = FolderView.swift; sourceTree = "<group>"; };
		E4A6378628F132F3005C9789 /* Date.swift */ = {isa = PBXFileReference; lastKnownFileType = sourcecode.swift; path = Date.swift; sourceTree = "<group>"; };
		E4A6378828F136E0005C9789 /* Color.swift */ = {isa = PBXFileReference; lastKnownFileType = sourcecode.swift; path = Color.swift; sourceTree = "<group>"; };
		E4A6378A28F137F6005C9789 /* ListTableView.swift */ = {isa = PBXFileReference; lastKnownFileType = sourcecode.swift; path = ListTableView.swift; sourceTree = "<group>"; };
		E4A6378C28F137FD005C9789 /* ListDetailView.swift */ = {isa = PBXFileReference; lastKnownFileType = sourcecode.swift; path = ListDetailView.swift; sourceTree = "<group>"; };
		E4A86E0228F106AE003A7D09 /* Tasks.swift */ = {isa = PBXFileReference; lastKnownFileType = sourcecode.swift; path = Tasks.swift; sourceTree = "<group>"; };
		E4A86E0428F10886003A7D09 /* CustomFields.swift */ = {isa = PBXFileReference; lastKnownFileType = sourcecode.swift; path = CustomFields.swift; sourceTree = "<group>"; };
/* End PBXFileReference section */

/* Begin PBXFrameworksBuildPhase section */
		E411092328EFF82D0073725E /* Frameworks */ = {
			isa = PBXFrameworksBuildPhase;
			buildActionMask = 2147483647;
			files = (
			);
			runOnlyForDeploymentPostprocessing = 0;
		};
/* End PBXFrameworksBuildPhase section */

/* Begin PBXGroup section */
		E411091D28EFF82D0073725E = {
			isa = PBXGroup;
			children = (
				E411092828EFF82D0073725E /* QuickUp */,
				E411092728EFF82D0073725E /* Products */,
			);
			sourceTree = "<group>";
		};
		E411092728EFF82D0073725E /* Products */ = {
			isa = PBXGroup;
			children = (
				E411092628EFF82D0073725E /* QuickUp.app */,
			);
			name = Products;
			sourceTree = "<group>";
		};
		E411092828EFF82D0073725E /* QuickUp */ = {
			isa = PBXGroup;
			children = (
				E411094428F00D200073725E /* Info.plist */,
				D040A09628F509A3002979A6 /* APIKeys.plist */,
				D03F051E2983D422000D036A /* APIKeys-Sample.plist */,
				E411092928EFF82D0073725E /* QuickUpApp.swift */,
				E411093828EFF83E0073725E /* API */,
				E411093B28EFF8A10073725E /* Utilities */,
				E411094728F00E5C0073725E /* Views */,
				E411092D28EFF82E0073725E /* Assets.xcassets */,
				E411093228EFF82E0073725E /* QuickUp.entitlements */,
			);
			path = QuickUp;
			sourceTree = "<group>";
		};
		E411093828EFF83E0073725E /* API */ = {
			isa = PBXGroup;
			children = (
				E411093928EFF8840073725E /* Global.swift */,
				E411094228F001540073725E /* Users.swift */,
				E411094C28F012240073725E /* Statuses.swift */,
				E411095228F01AE70073725E /* Priorities.swift */,
				E411093E28EFF9F70073725E /* Workspaces.swift */,
				E411094028F0014B0073725E /* Spaces.swift */,
				E411094828F00F460073725E /* Folders.swift */,
				E411094A28F00F4A0073725E /* Lists.swift */,
				E4A86E0228F106AE003A7D09 /* Tasks.swift */,
				E4A86E0428F10886003A7D09 /* CustomFields.swift */,
				D01BBF73298139FD0075DFE8 /* Comments.swift */,
			);
			path = API;
			sourceTree = "<group>";
		};
		E411093B28EFF8A10073725E /* Utilities */ = {
			isa = PBXGroup;
			children = (
				E411095028F017D80073725E /* CodableIgnored.swift */,
				E4A6378828F136E0005C9789 /* Color.swift */,
				E4A6378628F132F3005C9789 /* Date.swift */,
				E411093C28EFF8AF0073725E /* URLRequest.swift */,
			);
			path = Utilities;
			sourceTree = "<group>";
		};
		E411094728F00E5C0073725E /* Views */ = {
			isa = PBXGroup;
			children = (
				D03F05202983D5DA000D036A /* MainTabView.swift */,
				E411092B28EFF82D0073725E /* SpacesView.swift */,
				E411095428F01EFF0073725E /* FolderView.swift */,
				E411094E28F0150D0073725E /* ListView.swift */,
				E4A6378A28F137F6005C9789 /* ListTableView.swift */,
				E4A6378C28F137FD005C9789 /* ListDetailView.swift */,
				D03F05182983B179000D036A /* TaskHeaderView.swift */,
				D03F051C2983BC65000D036A /* TaskCommentsView.swift */,
				D03F05162983AFD2000D036A /* TaskCommentView.swift */,
				D03F051A2983B1D4000D036A /* TaskToolbarView.swift */,
			);
			path = Views;
			sourceTree = "<group>";
		};
/* End PBXGroup section */

/* Begin PBXNativeTarget section */
		E411092528EFF82D0073725E /* QuickUp */ = {
			isa = PBXNativeTarget;
			buildConfigurationList = E411093528EFF82E0073725E /* Build configuration list for PBXNativeTarget "QuickUp" */;
			buildPhases = (
				E411092228EFF82D0073725E /* Sources */,
				E411092328EFF82D0073725E /* Frameworks */,
				E411092428EFF82D0073725E /* Resources */,
			);
			buildRules = (
			);
			dependencies = (
			);
			name = QuickUp;
			productName = QuickUp;
			productReference = E411092628EFF82D0073725E /* QuickUp.app */;
			productType = "com.apple.product-type.application";
		};
/* End PBXNativeTarget section */

/* Begin PBXProject section */
		E411091E28EFF82D0073725E /* Project object */ = {
			isa = PBXProject;
			attributes = {
				BuildIndependentTargetsInParallel = 1;
				LastSwiftUpdateCheck = 1400;
				LastUpgradeCheck = 1410;
				TargetAttributes = {
					E411092528EFF82D0073725E = {
						CreatedOnToolsVersion = 14.0.1;
					};
				};
			};
			buildConfigurationList = E411092128EFF82D0073725E /* Build configuration list for PBXProject "QuickUp" */;
			compatibilityVersion = "Xcode 14.0";
			developmentRegion = en;
			hasScannedForEncodings = 0;
			knownRegions = (
				en,
				Base,
			);
			mainGroup = E411091D28EFF82D0073725E;
			productRefGroup = E411092728EFF82D0073725E /* Products */;
			projectDirPath = "";
			projectRoot = "";
			targets = (
				E411092528EFF82D0073725E /* QuickUp */,
			);
		};
/* End PBXProject section */

/* Begin PBXResourcesBuildPhase section */
		E411092428EFF82D0073725E /* Resources */ = {
			isa = PBXResourcesBuildPhase;
			buildActionMask = 2147483647;
			files = (
				D040A09728F509A3002979A6 /* APIKeys.plist in Resources */,
				E411092E28EFF82E0073725E /* Assets.xcassets in Resources */,
			);
			runOnlyForDeploymentPostprocessing = 0;
		};
/* End PBXResourcesBuildPhase section */

/* Begin PBXSourcesBuildPhase section */
		E411092228EFF82D0073725E /* Sources */ = {
			isa = PBXSourcesBuildPhase;
			buildActionMask = 2147483647;
			files = (
				D03F05192983B179000D036A /* TaskHeaderView.swift in Sources */,
				D03F051B2983B1D4000D036A /* TaskToolbarView.swift in Sources */,
				D03F05212983D5DA000D036A /* MainTabView.swift in Sources */,
				E411093F28EFF9F70073725E /* Workspaces.swift in Sources */,
				E411094B28F00F4A0073725E /* Lists.swift in Sources */,
				E411092C28EFF82D0073725E /* SpacesView.swift in Sources */,
				E411092A28EFF82D0073725E /* QuickUpApp.swift in Sources */,
				E411094D28F012240073725E /* Statuses.swift in Sources */,
				D03F051D2983BC65000D036A /* TaskCommentsView.swift in Sources */,
				E411095128F017D80073725E /* CodableIgnored.swift in Sources */,
				E4A6378728F132F3005C9789 /* Date.swift in Sources */,
				E411094928F00F460073725E /* Folders.swift in Sources */,
				E411093A28EFF8840073725E /* Global.swift in Sources */,
				E411095528F01EFF0073725E /* FolderView.swift in Sources */,
				E411094F28F0150D0073725E /* ListView.swift in Sources */,
				E411094128F0014B0073725E /* Spaces.swift in Sources */,
				E411093D28EFF8AF0073725E /* URLRequest.swift in Sources */,
				E411095328F01AE70073725E /* Priorities.swift in Sources */,
				E4A86E0328F106AE003A7D09 /* Tasks.swift in Sources */,
				D03F05172983AFD2000D036A /* TaskCommentView.swift in Sources */,
				E411094328F001540073725E /* Users.swift in Sources */,
				E4A86E0528F10886003A7D09 /* CustomFields.swift in Sources */,
				D01BBF74298139FD0075DFE8 /* Comments.swift in Sources */,
				E4A6378D28F137FD005C9789 /* ListDetailView.swift in Sources */,
				E4A6378928F136E0005C9789 /* Color.swift in Sources */,
				E4A6378B28F137F6005C9789 /* ListTableView.swift in Sources */,
			);
			runOnlyForDeploymentPostprocessing = 0;
		};
/* End PBXSourcesBuildPhase section */

/* Begin XCBuildConfiguration section */
		E411093328EFF82E0073725E /* Debug */ = {
			isa = XCBuildConfiguration;
			buildSettings = {
				ALWAYS_SEARCH_USER_PATHS = NO;
				CLANG_ANALYZER_NONNULL = YES;
				CLANG_ANALYZER_NUMBER_OBJECT_CONVERSION = YES_AGGRESSIVE;
				CLANG_CXX_LANGUAGE_STANDARD = "gnu++20";
				CLANG_ENABLE_MODULES = YES;
				CLANG_ENABLE_OBJC_ARC = YES;
				CLANG_ENABLE_OBJC_WEAK = YES;
				CLANG_WARN_BLOCK_CAPTURE_AUTORELEASING = YES;
				CLANG_WARN_BOOL_CONVERSION = YES;
				CLANG_WARN_COMMA = YES;
				CLANG_WARN_CONSTANT_CONVERSION = YES;
				CLANG_WARN_DEPRECATED_OBJC_IMPLEMENTATIONS = YES;
				CLANG_WARN_DIRECT_OBJC_ISA_USAGE = YES_ERROR;
				CLANG_WARN_DOCUMENTATION_COMMENTS = YES;
				CLANG_WARN_EMPTY_BODY = YES;
				CLANG_WARN_ENUM_CONVERSION = YES;
				CLANG_WARN_INFINITE_RECURSION = YES;
				CLANG_WARN_INT_CONVERSION = YES;
				CLANG_WARN_NON_LITERAL_NULL_CONVERSION = YES;
				CLANG_WARN_OBJC_IMPLICIT_RETAIN_SELF = YES;
				CLANG_WARN_OBJC_LITERAL_CONVERSION = YES;
				CLANG_WARN_OBJC_ROOT_CLASS = YES_ERROR;
				CLANG_WARN_QUOTED_INCLUDE_IN_FRAMEWORK_HEADER = YES;
				CLANG_WARN_RANGE_LOOP_ANALYSIS = YES;
				CLANG_WARN_STRICT_PROTOTYPES = YES;
				CLANG_WARN_SUSPICIOUS_MOVE = YES;
				CLANG_WARN_UNGUARDED_AVAILABILITY = YES_AGGRESSIVE;
				CLANG_WARN_UNREACHABLE_CODE = YES;
				CLANG_WARN__DUPLICATE_METHOD_MATCH = YES;
				COPY_PHASE_STRIP = NO;
				DEAD_CODE_STRIPPING = YES;
				DEBUG_INFORMATION_FORMAT = dwarf;
				ENABLE_STRICT_OBJC_MSGSEND = YES;
				ENABLE_TESTABILITY = YES;
				GCC_C_LANGUAGE_STANDARD = gnu11;
				GCC_DYNAMIC_NO_PIC = NO;
				GCC_NO_COMMON_BLOCKS = YES;
				GCC_OPTIMIZATION_LEVEL = 0;
				GCC_PREPROCESSOR_DEFINITIONS = (
					"DEBUG=1",
					"$(inherited)",
				);
				GCC_WARN_64_TO_32_BIT_CONVERSION = YES;
				GCC_WARN_ABOUT_RETURN_TYPE = YES_ERROR;
				GCC_WARN_UNDECLARED_SELECTOR = YES;
				GCC_WARN_UNINITIALIZED_AUTOS = YES_AGGRESSIVE;
				GCC_WARN_UNUSED_FUNCTION = YES;
				GCC_WARN_UNUSED_VARIABLE = YES;
				MACOSX_DEPLOYMENT_TARGET = 12.3;
				MTL_ENABLE_DEBUG_INFO = INCLUDE_SOURCE;
				MTL_FAST_MATH = YES;
				ONLY_ACTIVE_ARCH = YES;
				SDKROOT = macosx;
				SWIFT_ACTIVE_COMPILATION_CONDITIONS = DEBUG;
				SWIFT_OPTIMIZATION_LEVEL = "-Onone";
			};
			name = Debug;
		};
		E411093428EFF82E0073725E /* Release */ = {
			isa = XCBuildConfiguration;
			buildSettings = {
				ALWAYS_SEARCH_USER_PATHS = NO;
				CLANG_ANALYZER_NONNULL = YES;
				CLANG_ANALYZER_NUMBER_OBJECT_CONVERSION = YES_AGGRESSIVE;
				CLANG_CXX_LANGUAGE_STANDARD = "gnu++20";
				CLANG_ENABLE_MODULES = YES;
				CLANG_ENABLE_OBJC_ARC = YES;
				CLANG_ENABLE_OBJC_WEAK = YES;
				CLANG_WARN_BLOCK_CAPTURE_AUTORELEASING = YES;
				CLANG_WARN_BOOL_CONVERSION = YES;
				CLANG_WARN_COMMA = YES;
				CLANG_WARN_CONSTANT_CONVERSION = YES;
				CLANG_WARN_DEPRECATED_OBJC_IMPLEMENTATIONS = YES;
				CLANG_WARN_DIRECT_OBJC_ISA_USAGE = YES_ERROR;
				CLANG_WARN_DOCUMENTATION_COMMENTS = YES;
				CLANG_WARN_EMPTY_BODY = YES;
				CLANG_WARN_ENUM_CONVERSION = YES;
				CLANG_WARN_INFINITE_RECURSION = YES;
				CLANG_WARN_INT_CONVERSION = YES;
				CLANG_WARN_NON_LITERAL_NULL_CONVERSION = YES;
				CLANG_WARN_OBJC_IMPLICIT_RETAIN_SELF = YES;
				CLANG_WARN_OBJC_LITERAL_CONVERSION = YES;
				CLANG_WARN_OBJC_ROOT_CLASS = YES_ERROR;
				CLANG_WARN_QUOTED_INCLUDE_IN_FRAMEWORK_HEADER = YES;
				CLANG_WARN_RANGE_LOOP_ANALYSIS = YES;
				CLANG_WARN_STRICT_PROTOTYPES = YES;
				CLANG_WARN_SUSPICIOUS_MOVE = YES;
				CLANG_WARN_UNGUARDED_AVAILABILITY = YES_AGGRESSIVE;
				CLANG_WARN_UNREACHABLE_CODE = YES;
				CLANG_WARN__DUPLICATE_METHOD_MATCH = YES;
				COPY_PHASE_STRIP = NO;
				DEAD_CODE_STRIPPING = YES;
				DEBUG_INFORMATION_FORMAT = "dwarf-with-dsym";
				ENABLE_NS_ASSERTIONS = NO;
				ENABLE_STRICT_OBJC_MSGSEND = YES;
				GCC_C_LANGUAGE_STANDARD = gnu11;
				GCC_NO_COMMON_BLOCKS = YES;
				GCC_WARN_64_TO_32_BIT_CONVERSION = YES;
				GCC_WARN_ABOUT_RETURN_TYPE = YES_ERROR;
				GCC_WARN_UNDECLARED_SELECTOR = YES;
				GCC_WARN_UNINITIALIZED_AUTOS = YES_AGGRESSIVE;
				GCC_WARN_UNUSED_FUNCTION = YES;
				GCC_WARN_UNUSED_VARIABLE = YES;
				MACOSX_DEPLOYMENT_TARGET = 12.3;
				MTL_ENABLE_DEBUG_INFO = NO;
				MTL_FAST_MATH = YES;
				SDKROOT = macosx;
				SWIFT_COMPILATION_MODE = wholemodule;
				SWIFT_OPTIMIZATION_LEVEL = "-O";
			};
			name = Release;
		};
		E411093628EFF82E0073725E /* Debug */ = {
			isa = XCBuildConfiguration;
			buildSettings = {
				ASSETCATALOG_COMPILER_APPICON_NAME = AppIcon;
				ASSETCATALOG_COMPILER_GLOBAL_ACCENT_COLOR_NAME = AccentColor;
				ASSETCATALOG_COMPILER_INCLUDE_ALL_APPICON_ASSETS = NO;
				CODE_SIGN_ENTITLEMENTS = QuickUp/QuickUp.entitlements;
				CODE_SIGN_IDENTITY = "-";
				"CODE_SIGN_IDENTITY[sdk=iphoneos*]" = "Apple Development";
				CODE_SIGN_STYLE = Automatic;
				COMBINE_HIDPI_IMAGES = YES;
				CURRENT_PROJECT_VERSION = 1;
				DEAD_CODE_STRIPPING = YES;
				DEVELOPMENT_TEAM = YYM4Z6MU8F;
				ENABLE_HARDENED_RUNTIME = YES;
				ENABLE_PREVIEWS = YES;
				GENERATE_INFOPLIST_FILE = YES;
				INFOPLIST_FILE = QuickUp/Info.plist;
				INFOPLIST_KEY_LSApplicationCategoryType = "public.app-category.utilities";
				INFOPLIST_KEY_NSHumanReadableCopyright = "";
				INFOPLIST_KEY_UIRequiresFullScreen = NO;
				INFOPLIST_KEY_UISupportedInterfaceOrientations = "UIInterfaceOrientationLandscapeLeft UIInterfaceOrientationLandscapeRight UIInterfaceOrientationPortrait";
				INFOPLIST_KEY_UISupportedInterfaceOrientations_iPad = "UIInterfaceOrientationLandscapeLeft UIInterfaceOrientationLandscapeRight UIInterfaceOrientationPortrait UIInterfaceOrientationPortraitUpsideDown";
				IPHONEOS_DEPLOYMENT_TARGET = 16.0;
				LD_RUNPATH_SEARCH_PATHS = (
					"$(inherited)",
					"@executable_path/../Frameworks",
				);
				MACOSX_DEPLOYMENT_TARGET = 12.4;
				MARKETING_VERSION = 1.0;
				PRODUCT_BUNDLE_IDENTIFIER = com.tsubuzaki.QuickUp;
				PRODUCT_NAME = "$(TARGET_NAME)";
				SUPPORTED_PLATFORMS = "iphoneos iphonesimulator macosx";
				SUPPORTS_MACCATALYST = NO;
				SUPPORTS_MAC_DESIGNED_FOR_IPHONE_IPAD = NO;
				SWIFT_EMIT_LOC_STRINGS = YES;
				SWIFT_VERSION = 5.0;
				TARGETED_DEVICE_FAMILY = "1,2";
			};
			name = Debug;
		};
		E411093728EFF82E0073725E /* Release */ = {
			isa = XCBuildConfiguration;
			buildSettings = {
				ASSETCATALOG_COMPILER_APPICON_NAME = AppIcon;
				ASSETCATALOG_COMPILER_GLOBAL_ACCENT_COLOR_NAME = AccentColor;
				ASSETCATALOG_COMPILER_INCLUDE_ALL_APPICON_ASSETS = NO;
				CODE_SIGN_ENTITLEMENTS = QuickUp/QuickUp.entitlements;
				CODE_SIGN_IDENTITY = "-";
				"CODE_SIGN_IDENTITY[sdk=iphoneos*]" = "Apple Development";
				CODE_SIGN_STYLE = Automatic;
				COMBINE_HIDPI_IMAGES = YES;
				CURRENT_PROJECT_VERSION = 1;
				DEAD_CODE_STRIPPING = YES;
				DEVELOPMENT_TEAM = YYM4Z6MU8F;
				ENABLE_HARDENED_RUNTIME = YES;
				ENABLE_PREVIEWS = YES;
				GENERATE_INFOPLIST_FILE = YES;
				INFOPLIST_FILE = QuickUp/Info.plist;
				INFOPLIST_KEY_LSApplicationCategoryType = "public.app-category.utilities";
				INFOPLIST_KEY_NSHumanReadableCopyright = "";
				INFOPLIST_KEY_UIRequiresFullScreen = NO;
				INFOPLIST_KEY_UISupportedInterfaceOrientations = "UIInterfaceOrientationLandscapeLeft UIInterfaceOrientationLandscapeRight UIInterfaceOrientationPortrait";
				INFOPLIST_KEY_UISupportedInterfaceOrientations_iPad = "UIInterfaceOrientationLandscapeLeft UIInterfaceOrientationLandscapeRight UIInterfaceOrientationPortrait UIInterfaceOrientationPortraitUpsideDown";
				IPHONEOS_DEPLOYMENT_TARGET = 16.0;
				LD_RUNPATH_SEARCH_PATHS = (
					"$(inherited)",
					"@executable_path/../Frameworks",
				);
				MACOSX_DEPLOYMENT_TARGET = 12.4;
				MARKETING_VERSION = 1.0;
				PRODUCT_BUNDLE_IDENTIFIER = com.tsubuzaki.QuickUp;
				PRODUCT_NAME = "$(TARGET_NAME)";
				SUPPORTED_PLATFORMS = "iphoneos iphonesimulator macosx";
				SUPPORTS_MACCATALYST = NO;
				SUPPORTS_MAC_DESIGNED_FOR_IPHONE_IPAD = NO;
				SWIFT_EMIT_LOC_STRINGS = YES;
				SWIFT_VERSION = 5.0;
				TARGETED_DEVICE_FAMILY = "1,2";
			};
			name = Release;
		};
/* End XCBuildConfiguration section */

/* Begin XCConfigurationList section */
		E411092128EFF82D0073725E /* Build configuration list for PBXProject "QuickUp" */ = {
			isa = XCConfigurationList;
			buildConfigurations = (
				E411093328EFF82E0073725E /* Debug */,
				E411093428EFF82E0073725E /* Release */,
			);
			defaultConfigurationIsVisible = 0;
			defaultConfigurationName = Release;
		};
		E411093528EFF82E0073725E /* Build configuration list for PBXNativeTarget "QuickUp" */ = {
			isa = XCConfigurationList;
			buildConfigurations = (
				E411093628EFF82E0073725E /* Debug */,
				E411093728EFF82E0073725E /* Release */,
			);
			defaultConfigurationIsVisible = 0;
			defaultConfigurationName = Release;
		};
/* End XCConfigurationList section */
	};
	rootObject = E411091E28EFF82D0073725E /* Project object */;
}
